
Microsoft Visual Studio Solution File, Format Version 12.00
# Visual Studio Version 16
VisualStudioVersion = 16.0.33927.289
MinimumVisualStudioVersion = 10.0.40219.1
Project("{FAE04EC0-301F-11D3-BF4B-00C04F79EFBC}") = "Projeto_Agenda", "Projeto_Agenda\Projeto_Agenda.csproj", "{34C2F290-9500-48FA-94EC-D97493E45A26}"
EndProject
Global
	GlobalSection(SolutionConfigurationPlatforms) = preSolution
		Debug|Any CPU = Debug|Any CPU
		Release|Any CPU = Release|Any CPU
	EndGlobalSection
	GlobalSection(ProjectConfigurationPlatforms) = postSolution
		{34C2F290-9500-48FA-94EC-D97493E45A26}.Debug|Any CPU.ActiveCfg = Debug|Any CPU
		{34C2F290-9500-48FA-94EC-D97493E45A26}.Debug|Any CPU.Build.0 = Debug|Any CPU
		{34C2F290-9500-48FA-94EC-D97493E45A26}.Release|Any CPU.ActiveCfg = Release|Any CPU
		{34C2F290-9500-48FA-94EC-D97493E45A26}.Release|Any CPU.Build.0 = Release|Any CPU
	EndGlobalSection
	GlobalSection(SolutionProperties) = preSolution
		HideSolutionNode = FALSE
	EndGlobalSection
	GlobalSection(ExtensibilityGlobals) = postSolution
		SolutionGuid = {B2A5F47B-BF3D-4C66-8397-0E19DB09C053}
	EndGlobalSection
EndGlobal
